
Microsoft Visual Studio Solution File, Format Version 12.00
# Visual Studio Version 16
VisualStudioVersion = 16.0.29418.71
MinimumVisualStudioVersion = 10.0.40219.1
Project("{FAE04EC0-301F-11D3-BF4B-00C04F79EFBC}") = "RazorPagesMovie", "RazorPagesMovie.csproj", "{E9863EC9-1FA8-476C-9907-D6CC95AD5D39}"
EndProject
Global
	GlobalSection(SolutionConfigurationPlatforms) = preSolution
		Debug|Any CPU = Debug|Any CPU
		Release|Any CPU = Release|Any CPU
	EndGlobalSection
	GlobalSection(ProjectConfigurationPlatforms) = postSolution
		{E9863EC9-1FA8-476C-9907-D6CC95AD5D39}.Debug|Any CPU.ActiveCfg = Debug|Any CPU
		{E9863EC9-1FA8-476C-9907-D6CC95AD5D39}.Debug|Any CPU.Build.0 = Debug|Any CPU
		{E9863EC9-1FA8-476C-9907-D6CC95AD5D39}.Release|Any CPU.ActiveCfg = Release|Any CPU
		{E9863EC9-1FA8-476C-9907-D6CC95AD5D39}.Release|Any CPU.Build.0 = Release|Any CPU
	EndGlobalSection
	GlobalSection(SolutionProperties) = preSolution
		HideSolutionNode = FALSE
	EndGlobalSection
	GlobalSection(ExtensibilityGlobals) = postSolution
		SolutionGuid = {3F056C5A-077C-4A86-A30D-B2C0C412F285}
	EndGlobalSection
EndGlobal
